
Microsoft Visual Studio Solution File, Format Version 12.00
# Visual Studio Version 17
VisualStudioVersion = 17.14.36202.13 d17.14
MinimumVisualStudioVersion = 10.0.40219.1
Project("{FAE04EC0-301F-11D3-BF4B-00C04F79EFBC}") = "20.06 Object. Interfase", "20.06 Object. Interfase\20.06 Object. Interfase.csproj", "{D352D2DF-8854-4CBD-9526-880C20006B2A}"
EndProject
Global
	GlobalSection(SolutionConfigurationPlatforms) = preSolution
		Debug|Any CPU = Debug|Any CPU
		Release|Any CPU = Release|Any CPU
	EndGlobalSection
	GlobalSection(ProjectConfigurationPlatforms) = postSolution
		{D352D2DF-8854-4CBD-9526-880C20006B2A}.Debug|Any CPU.ActiveCfg = Debug|Any CPU
		{D352D2DF-8854-4CBD-9526-880C20006B2A}.Debug|Any CPU.Build.0 = Debug|Any CPU
		{D352D2DF-8854-4CBD-9526-880C20006B2A}.Release|Any CPU.ActiveCfg = Release|Any CPU
		{D352D2DF-8854-4CBD-9526-880C20006B2A}.Release|Any CPU.Build.0 = Release|Any CPU
	EndGlobalSection
	GlobalSection(SolutionProperties) = preSolution
		HideSolutionNode = FALSE
	EndGlobalSection
	GlobalSection(ExtensibilityGlobals) = postSolution
		SolutionGuid = {78F76226-9BD5-424D-96C3-3AD9372D2C7F}
	EndGlobalSection
EndGlobal
